
Microsoft Visual Studio Solution File, Format Version 12.00
# Visual Studio Version 17
VisualStudioVersion = 17.1.32228.430
MinimumVisualStudioVersion = 10.0.40219.1
Project("{FAE04EC0-301F-11D3-BF4B-00C04F79EFBC}") = "TakiAppStorageBack", "TakiAppStorageBack\TakiAppStorageBack.csproj", "{0EA296DD-B66B-479D-A2E7-1A3364ED8F94}"
EndProject
Global
	GlobalSection(SolutionConfigurationPlatforms) = preSolution
		Debug|Any CPU = Debug|Any CPU
		Release|Any CPU = Release|Any CPU
	EndGlobalSection
	GlobalSection(ProjectConfigurationPlatforms) = postSolution
		{0EA296DD-B66B-479D-A2E7-1A3364ED8F94}.Debug|Any CPU.ActiveCfg = Debug|Any CPU
		{0EA296DD-B66B-479D-A2E7-1A3364ED8F94}.Debug|Any CPU.Build.0 = Debug|Any CPU
		{0EA296DD-B66B-479D-A2E7-1A3364ED8F94}.Release|Any CPU.ActiveCfg = Release|Any CPU
		{0EA296DD-B66B-479D-A2E7-1A3364ED8F94}.Release|Any CPU.Build.0 = Release|Any CPU
	EndGlobalSection
	GlobalSection(SolutionProperties) = preSolution
		HideSolutionNode = FALSE
	EndGlobalSection
	GlobalSection(ExtensibilityGlobals) = postSolution
		SolutionGuid = {2EE989B2-9DF4-4C4D-8279-8BD41280249A}
	EndGlobalSection
EndGlobal
